
Microsoft Visual Studio Solution File, Format Version 12.00
# Visual Studio Version 17
VisualStudioVersion = 17.0.31903.59
MinimumVisualStudioVersion = 10.0.40219.1
Project("{FAE04EC0-301F-11D3-BF4B-00C04F79EFBC}") = "SkysBankClient", "SkysBankClient\SkysBankClient.csproj", "{3CC144D4-79B4-4200-8C53-E09082079D7C}"
EndProject
Global
	GlobalSection(SolutionConfigurationPlatforms) = preSolution
		Debug|Any CPU = Debug|Any CPU
		Release|Any CPU = Release|Any CPU
	EndGlobalSection
	GlobalSection(ProjectConfigurationPlatforms) = postSolution
		{3CC144D4-79B4-4200-8C53-E09082079D7C}.Debug|Any CPU.ActiveCfg = Debug|Any CPU
		{3CC144D4-79B4-4200-8C53-E09082079D7C}.Debug|Any CPU.Build.0 = Debug|Any CPU
		{3CC144D4-79B4-4200-8C53-E09082079D7C}.Release|Any CPU.ActiveCfg = Release|Any CPU
		{3CC144D4-79B4-4200-8C53-E09082079D7C}.Release|Any CPU.Build.0 = Release|Any CPU
	EndGlobalSection
	GlobalSection(SolutionProperties) = preSolution
		HideSolutionNode = FALSE
	EndGlobalSection
	GlobalSection(ExtensibilityGlobals) = postSolution
		SolutionGuid = {EEF093AA-C8E9-4FFA-AEBB-0D3666F0052F}
	EndGlobalSection
EndGlobal
